{
    "_readme": [
        "This file locks the dependencies of your project to a known state",
        "Read more about it at https://getcomposer.org/doc/01-basic-usage.md#installing-dependencies",
        "This file is @generated automatically"
    ],
    "content-hash": "3458dc38d585dc6c16088475045d76cc",
    "packages": [],
    "packages-dev": [],
    "aliases": [],
    "minimum-stability": "stable",
    "stability-flags": [],
    "prefer-stable": false,
    "prefer-lowest": false,
    "platform": {
        "php": "^7.4.0",
        "ext-bz2": "*",
        "ext-gd2": "*",
        "ext-ldap": "*",
        "ext-mbstring": "*",
        "ext-openssl": "*",
        "ext-pdo_sqlite": "*"
    },
    "platform-dev": [],
    "plugin-api-version": "2.2.0"
}
